
Microsoft Visual Studio Solution File, Format Version 12.00
# Visual Studio Version 17
VisualStudioVersion = 17.2.32526.322
MinimumVisualStudioVersion = 10.0.40219.1
Project("{9A19103F-16F7-4668-BE54-9A1E7A4F7556}") = "api", "api.csproj", "{886FCA08-C08D-4190-B4A1-42880C8CF1AA}"
EndProject
Global
	GlobalSection(SolutionConfigurationPlatforms) = preSolution
		Debug|Any CPU = Debug|Any CPU
		Debug|x64 = Debug|x64
		Release|Any CPU = Release|Any CPU
		Release|x64 = Release|x64
	EndGlobalSection
	GlobalSection(ProjectConfigurationPlatforms) = postSolution
		{886FCA08-C08D-4190-B4A1-42880C8CF1AA}.Debug|Any CPU.ActiveCfg = Debug|Any CPU
		{886FCA08-C08D-4190-B4A1-42880C8CF1AA}.Debug|Any CPU.Build.0 = Debug|Any CPU
		{886FCA08-C08D-4190-B4A1-42880C8CF1AA}.Debug|x64.ActiveCfg = Debug|x64
		{886FCA08-C08D-4190-B4A1-42880C8CF1AA}.Debug|x64.Build.0 = Debug|x64
		{886FCA08-C08D-4190-B4A1-42880C8CF1AA}.Release|Any CPU.ActiveCfg = Release|Any CPU
		{886FCA08-C08D-4190-B4A1-42880C8CF1AA}.Release|Any CPU.Build.0 = Release|Any CPU
		{886FCA08-C08D-4190-B4A1-42880C8CF1AA}.Release|x64.ActiveCfg = Release|x64
		{886FCA08-C08D-4190-B4A1-42880C8CF1AA}.Release|x64.Build.0 = Release|x64
	EndGlobalSection
	GlobalSection(SolutionProperties) = preSolution
		HideSolutionNode = FALSE
	EndGlobalSection
	GlobalSection(ExtensibilityGlobals) = postSolution
		SolutionGuid = {72D783EE-1526-4B8E-8426-4B223A9431C2}
	EndGlobalSection
EndGlobal
